PODS:
  - Funky (0.3.0):
    - Regex (= 0.3.0)
  - Regex (0.3.0)

DEPENDENCIES:
  - Funky (= 0.3.0)

SPEC CHECKSUMS:
  Funky: ed6dbc079d41b3e5ad4e0cd87059b925b5641547
  Regex: 6bfb554ad7d5b1be9cfc57ab1fe2fb6cee45a344

PODFILE CHECKSUM: 8d2e64a6b2ad084375feadb60b6f723a87344f87

COCOAPODS: 1.0.0.beta.2
